# This file is automatically @generated by Cargo.
# It is not intended for manual editing.
version = 3

[[package]]
name = "delay-queue-bug"
version = "0.1.0"
dependencies = [
 "futures",
 "tokio",
]

[[package]]
name = "futures"
version = "0.1.29"
source = "registry+https://github.com/rust-lang/crates.io-index"
checksum = "1b980f2816d6ee8673b6517b52cb0e808a180efc92e5c19d02cdda79066703ef"

[[package]]
name = "pin-project-lite"
version = "0.2.9"
source = "registry+https://github.com/rust-lang/crates.io-index"
checksum = "e0a7ae3ac2f1173085d398531c705756c94a4c56843785df85a60c1a0afac116"

[[package]]
name = "tokio"
version = "1.18.5"
source = "registry+https://github.com/rust-lang/crates.io-index"
checksum = "0e050c618355082ae5a89ec63bbf897225d5ffe84c7c4e036874e4d185a5044e"
dependencies = [
 "pin-project-lite",
]
